
Microsoft Visual Studio Solution File, Format Version 12.00
# Visual Studio Version 16
VisualStudioVersion = 16.0.29306.81
MinimumVisualStudioVersion = 10.0.40219.1
Project("{9A19103F-16F7-4668-BE54-9A1E7A4F7556}") = "DP-Server", "..\DP-Server\DP-Server.csproj", "{C48850B1-E897-425D-930E-A2CD5B97357D}"
EndProject
Project("{FAE04EC0-301F-11D3-BF4B-00C04F79EFBC}") = "WPF-Client", "..\WPFClient\WPF-Client.csproj", "{92881572-71D5-43BA-91A0-B1A2C1B428CC}"
EndProject
Project("{FAE04EC0-301F-11D3-BF4B-00C04F79EFBC}") = "DPShareCL", "..\DPShareCL\DPShareCL.csproj", "{48D3D2A4-492A-46D3-822D-D66A94EED2BD}"
EndProject
Global
	GlobalSection(SolutionConfigurationPlatforms) = preSolution
		Debug|Any CPU = Debug|Any CPU
		Release|Any CPU = Release|Any CPU
	EndGlobalSection
	GlobalSection(ProjectConfigurationPlatforms) = postSolution
		{C48850B1-E897-425D-930E-A2CD5B97357D}.Debug|Any CPU.ActiveCfg = Debug|Any CPU
		{C48850B1-E897-425D-930E-A2CD5B97357D}.Debug|Any CPU.Build.0 = Debug|Any CPU
		{C48850B1-E897-425D-930E-A2CD5B97357D}.Release|Any CPU.ActiveCfg = Release|Any CPU
		{C48850B1-E897-425D-930E-A2CD5B97357D}.Release|Any CPU.Build.0 = Release|Any CPU
		{92881572-71D5-43BA-91A0-B1A2C1B428CC}.Debug|Any CPU.ActiveCfg = Debug|Any CPU
		{92881572-71D5-43BA-91A0-B1A2C1B428CC}.Debug|Any CPU.Build.0 = Debug|Any CPU
		{92881572-71D5-43BA-91A0-B1A2C1B428CC}.Release|Any CPU.ActiveCfg = Release|Any CPU
		{92881572-71D5-43BA-91A0-B1A2C1B428CC}.Release|Any CPU.Build.0 = Release|Any CPU
		{48D3D2A4-492A-46D3-822D-D66A94EED2BD}.Debug|Any CPU.ActiveCfg = Debug|Any CPU
		{48D3D2A4-492A-46D3-822D-D66A94EED2BD}.Debug|Any CPU.Build.0 = Debug|Any CPU
		{48D3D2A4-492A-46D3-822D-D66A94EED2BD}.Release|Any CPU.ActiveCfg = Release|Any CPU
		{48D3D2A4-492A-46D3-822D-D66A94EED2BD}.Release|Any CPU.Build.0 = Release|Any CPU
	EndGlobalSection
	GlobalSection(SolutionProperties) = preSolution
		HideSolutionNode = FALSE
	EndGlobalSection
	GlobalSection(ExtensibilityGlobals) = postSolution
		SolutionGuid = {8B0949CE-5C06-4D86-9B7C-7CEA2761D446}
	EndGlobalSection
EndGlobal
